{
  "name": "tesla-ricarica",
  "version": "1.0.0",
  "lockfileVersion": 1,
  "requires": true,
  "dependencies": {
    "@eiannone/tesla-api": {
      "version": "1.0.1",
      "resolved": "https://registry.npmjs.org/@eiannone/tesla-api/-/tesla-api-1.0.1.tgz",
      "integrity": "sha512-o5khfmLurLbauqMiAL2uLoaf56/kzKGawYccWyXN1QOV1fkiAHc6Q0YL2W/XF9z1gicEXkSOSfjcNz3p8lmhvQ==",
      "requires": {
        "ws": "^7.4.2"
      }
    },
    "ws": {
      "version": "7.4.2",
      "resolved": "https://registry.npmjs.org/ws/-/ws-7.4.2.tgz",
      "integrity": "sha512-T4tewALS3+qsrpGI/8dqNMLIVdq/g/85U98HPMa6F0m6xTbvhXU6RCQLqPH3+SlomNV/LdY6RXEbBpMH6EOJnA=="
    }
  }
}
